```
Title: CircleVideo
Author: Jenisha Makadiya
Email: support@contextu.al
TestApp: https://github.com/contextu-al/FavDish
TestAppBranch: circlevideo
Description: Launch Circle Video to show any video in Circle to targeted users at any time with this low-code GuideBlock
Acknowledgements:
Screenshot: 
Video: https://vimeo.com/manage/videos/909526616/8efaae6607
Extensibility: {
  "guideBlockKey": "CircleVideo"
}
```

